
Microsoft Visual Studio Solution File, Format Version 12.00
# Visual Studio Version 17
VisualStudioVersion = 17.12.35514.174 d17.12
MinimumVisualStudioVersion = 10.0.40219.1
Project("{FAE04EC0-301F-11D3-BF4B-00C04F79EFBC}") = "Program za kvadrat ili kub unetog broja", "Program za kvadrat ili kub unetog broja\Program za kvadrat ili kub unetog broja.csproj", "{32775E48-81BD-4B30-BEFA-968A97940340}"
EndProject
Global
	GlobalSection(SolutionConfigurationPlatforms) = preSolution
		Debug|Any CPU = Debug|Any CPU
		Release|Any CPU = Release|Any CPU
	EndGlobalSection
	GlobalSection(ProjectConfigurationPlatforms) = postSolution
		{32775E48-81BD-4B30-BEFA-968A97940340}.Debug|Any CPU.ActiveCfg = Debug|Any CPU
		{32775E48-81BD-4B30-BEFA-968A97940340}.Debug|Any CPU.Build.0 = Debug|Any CPU
		{32775E48-81BD-4B30-BEFA-968A97940340}.Release|Any CPU.ActiveCfg = Release|Any CPU
		{32775E48-81BD-4B30-BEFA-968A97940340}.Release|Any CPU.Build.0 = Release|Any CPU
	EndGlobalSection
	GlobalSection(SolutionProperties) = preSolution
		HideSolutionNode = FALSE
	EndGlobalSection
EndGlobal
